
Microsoft Visual Studio Solution File, Format Version 12.00
# Visual Studio Version 16
VisualStudioVersion = 16.0.31605.320
MinimumVisualStudioVersion = 10.0.40219.1
Project("{9A19103F-16F7-4668-BE54-9A1E7A4F7556}") = "SynchronousMessageSystem", "SynchronousMessageSystem\SynchronousMessageSystem.csproj", "{740E236E-4CB6-4731-BA24-884A08DCF532}"
EndProject
Project("{FAE04EC0-301F-11D3-BF4B-00C04F79EFBC}") = "DemoApplication", "DemoApplication\DemoApplication.csproj", "{C80002BD-372E-4C44-80FC-4E71524C0172}"
EndProject
Global
	GlobalSection(SolutionConfigurationPlatforms) = preSolution
		Debug|Any CPU = Debug|Any CPU
		Release|Any CPU = Release|Any CPU
	EndGlobalSection
	GlobalSection(ProjectConfigurationPlatforms) = postSolution
		{740E236E-4CB6-4731-BA24-884A08DCF532}.Debug|Any CPU.ActiveCfg = Debug|Any CPU
		{740E236E-4CB6-4731-BA24-884A08DCF532}.Debug|Any CPU.Build.0 = Debug|Any CPU
		{740E236E-4CB6-4731-BA24-884A08DCF532}.Release|Any CPU.ActiveCfg = Release|Any CPU
		{740E236E-4CB6-4731-BA24-884A08DCF532}.Release|Any CPU.Build.0 = Release|Any CPU
		{C80002BD-372E-4C44-80FC-4E71524C0172}.Debug|Any CPU.ActiveCfg = Debug|Any CPU
		{C80002BD-372E-4C44-80FC-4E71524C0172}.Debug|Any CPU.Build.0 = Debug|Any CPU
		{C80002BD-372E-4C44-80FC-4E71524C0172}.Release|Any CPU.ActiveCfg = Release|Any CPU
		{C80002BD-372E-4C44-80FC-4E71524C0172}.Release|Any CPU.Build.0 = Release|Any CPU
	EndGlobalSection
	GlobalSection(SolutionProperties) = preSolution
		HideSolutionNode = FALSE
	EndGlobalSection
	GlobalSection(ExtensibilityGlobals) = postSolution
		SolutionGuid = {8F0865A4-5BB6-4BA2-A904-2EB07BFE1DB8}
	EndGlobalSection
EndGlobal
